
Microsoft Visual Studio Solution File, Format Version 12.00
# Visual Studio Version 16
VisualStudioVersion = 16.0.31205.134
MinimumVisualStudioVersion = 10.0.40219.1
Project("{FAE04EC0-301F-11D3-BF4B-00C04F79EFBC}") = "0324DataIntegration", "0324DataIntegration\0324DataIntegration.csproj", "{4CF0CA96-3C6D-4ACA-884D-D08EC415A293}"
EndProject
Global
	GlobalSection(SolutionConfigurationPlatforms) = preSolution
		Debug|Any CPU = Debug|Any CPU
		Release|Any CPU = Release|Any CPU
	EndGlobalSection
	GlobalSection(ProjectConfigurationPlatforms) = postSolution
		{4CF0CA96-3C6D-4ACA-884D-D08EC415A293}.Debug|Any CPU.ActiveCfg = Debug|Any CPU
		{4CF0CA96-3C6D-4ACA-884D-D08EC415A293}.Debug|Any CPU.Build.0 = Debug|Any CPU
		{4CF0CA96-3C6D-4ACA-884D-D08EC415A293}.Release|Any CPU.ActiveCfg = Release|Any CPU
		{4CF0CA96-3C6D-4ACA-884D-D08EC415A293}.Release|Any CPU.Build.0 = Release|Any CPU
	EndGlobalSection
	GlobalSection(SolutionProperties) = preSolution
		HideSolutionNode = FALSE
	EndGlobalSection
	GlobalSection(ExtensibilityGlobals) = postSolution
		SolutionGuid = {760E2F7E-888E-4F84-90DD-F5BF1F53C50D}
	EndGlobalSection
EndGlobal
