
Microsoft Visual Studio Solution File, Format Version 12.00
# Visual Studio Version 16
VisualStudioVersion = 16.0.31911.196
MinimumVisualStudioVersion = 10.0.40219.1
Project("{9A19103F-16F7-4668-BE54-9A1E7A4F7556}") = "0308inclass", "0308inclass.csproj", "{3BBD51D4-D874-40D5-AAA1-0B9D50FA9D41}"
EndProject
Project("{FAE04EC0-301F-11D3-BF4B-00C04F79EFBC}") = "Sessions", "..\Sessions\Sessions.csproj", "{8278F750-2975-44D4-A015-38C4F3B6CF26}"
EndProject
Global
	GlobalSection(SolutionConfigurationPlatforms) = preSolution
		Debug|Any CPU = Debug|Any CPU
		Release|Any CPU = Release|Any CPU
	EndGlobalSection
	GlobalSection(ProjectConfigurationPlatforms) = postSolution
		{3BBD51D4-D874-40D5-AAA1-0B9D50FA9D41}.Debug|Any CPU.ActiveCfg = Debug|Any CPU
		{3BBD51D4-D874-40D5-AAA1-0B9D50FA9D41}.Debug|Any CPU.Build.0 = Debug|Any CPU
		{3BBD51D4-D874-40D5-AAA1-0B9D50FA9D41}.Release|Any CPU.ActiveCfg = Release|Any CPU
		{3BBD51D4-D874-40D5-AAA1-0B9D50FA9D41}.Release|Any CPU.Build.0 = Release|Any CPU
		{8278F750-2975-44D4-A015-38C4F3B6CF26}.Debug|Any CPU.ActiveCfg = Debug|Any CPU
		{8278F750-2975-44D4-A015-38C4F3B6CF26}.Debug|Any CPU.Build.0 = Debug|Any CPU
		{8278F750-2975-44D4-A015-38C4F3B6CF26}.Release|Any CPU.ActiveCfg = Release|Any CPU
		{8278F750-2975-44D4-A015-38C4F3B6CF26}.Release|Any CPU.Build.0 = Release|Any CPU
	EndGlobalSection
	GlobalSection(SolutionProperties) = preSolution
		HideSolutionNode = FALSE
	EndGlobalSection
	GlobalSection(ExtensibilityGlobals) = postSolution
		SolutionGuid = {718B7EE3-3ABF-4302-8A5D-E183656DC811}
	EndGlobalSection
EndGlobal
